// !$*UTF8*$!
{
	archiveVersion = 1;
	classes = {
	};
	objectVersion = 50;
	objects = {

/* Begin PBXBuildFile section */
		0ABDB6EA220237440089F960 /* AppDelegate.swift in Sources */ = {isa = PBXBuildFile; fileRef = 0ABDB6E9220237440089F960 /* AppDelegate.swift */; };
		0ABDB6EF220237440089F960 /* Main.storyboard in Resources */ = {isa = PBXBuildFile; fileRef = 0ABDB6ED220237440089F960 /* Main.storyboard */; };
		0ABDB6F1220237460089F960 /* Assets.xcassets in Resources */ = {isa = PBXBuildFile; fileRef = 0ABDB6F0220237460089F960 /* Assets.xcassets */; };
		0ABDB6F4220237460089F960 /* LaunchScreen.storyboard in Resources */ = {isa = PBXBuildFile; fileRef = 0ABDB6F2220237460089F960 /* LaunchScreen.storyboard */; };
		0ABDB6FE22023DB10089F960 /* TaskDetailTableViewController.swift in Sources */ = {isa = PBXBuildFile; fileRef = 0ABDB6FD22023DB10089F960 /* TaskDetailTableViewController.swift */; };
		0ABDB70322023E4E0089F960 /* CoreDataStack.swift in Sources */ = {isa = PBXBuildFile; fileRef = 0ABDB70222023E4E0089F960 /* CoreDataStack.swift */; };
		0ABDB70622023EEB0089F960 /* Task.xcdatamodeld in Sources */ = {isa = PBXBuildFile; fileRef = 0ABDB70422023EEB0089F960 /* Task.xcdatamodeld */; };
		0ABDB709220240700089F960 /* Task+Convenience.swift in Sources */ = {isa = PBXBuildFile; fileRef = 0ABDB708220240700089F960 /* Task+Convenience.swift */; };
		0ABDB70B220241E50089F960 /* TaskController.swift in Sources */ = {isa = PBXBuildFile; fileRef = 0ABDB70A220241E50089F960 /* TaskController.swift */; };
		0ABDB70F2202571A0089F960 /* DateHelper.swift in Sources */ = {isa = PBXBuildFile; fileRef = 0ABDB70E2202571A0089F960 /* DateHelper.swift */; };
		0ABDB71122025E760089F960 /* ButtonTableViewCell.swift in Sources */ = {isa = PBXBuildFile; fileRef = 0ABDB71022025E760089F960 /* ButtonTableViewCell.swift */; };
		0ABDB71422038E1D0089F960 /* BasicTaskTableViewController.swift in Sources */ = {isa = PBXBuildFile; fileRef = 0ABDB71322038E1D0089F960 /* BasicTaskTableViewController.swift */; };
/* End PBXBuildFile section */

/* Begin PBXFileReference section */
		0ABDB6E6220237440089F960 /* Task.app */ = {isa = PBXFileReference; explicitFileType = wrapper.application; includeInIndex = 0; path = Task.app; sourceTree = BUILT_PRODUCTS_DIR; };
		0ABDB6E9220237440089F960 /* AppDelegate.swift */ = {isa = PBXFileReference; lastKnownFileType = sourcecode.swift; path = AppDelegate.swift; sourceTree = "<group>"; };
		0ABDB6EE220237440089F960 /* Base */ = {isa = PBXFileReference; lastKnownFileType = file.storyboard; name = Base; path = Base.lproj/Main.storyboard; sourceTree = "<group>"; };
		0ABDB6F0220237460089F960 /* Assets.xcassets */ = {isa = PBXFileReference; lastKnownFileType = folder.assetcatalog; path = Assets.xcassets; sourceTree = "<group>"; };
		0ABDB6F3220237460089F960 /* Base */ = {isa = PBXFileReference; lastKnownFileType = file.storyboard; name = Base; path = Base.lproj/LaunchScreen.storyboard; sourceTree = "<group>"; };
		0ABDB6F5220237460089F960 /* Info.plist */ = {isa = PBXFileReference; lastKnownFileType = text.plist.xml; path = Info.plist; sourceTree = "<group>"; };
		0ABDB6FD22023DB10089F960 /* TaskDetailTableViewController.swift */ = {isa = PBXFileReference; lastKnownFileType = sourcecode.swift; path = TaskDetailTableViewController.swift; sourceTree = "<group>"; };
		0ABDB70222023E4E0089F960 /* CoreDataStack.swift */ = {isa = PBXFileReference; lastKnownFileType = sourcecode.swift; path = CoreDataStack.swift; sourceTree = "<group>"; };
		0ABDB70522023EEB0089F960 /* Task.xcdatamodel */ = {isa = PBXFileReference; lastKnownFileType = wrapper.xcdatamodel; path = Task.xcdatamodel; sourceTree = "<group>"; };
		0ABDB708220240700089F960 /* Task+Convenience.swift */ = {isa = PBXFileReference; lastKnownFileType = sourcecode.swift; path = "Task+Convenience.swift"; sourceTree = "<group>"; };
		0ABDB70A220241E50089F960 /* TaskController.swift */ = {isa = PBXFileReference; lastKnownFileType = sourcecode.swift; path = TaskController.swift; sourceTree = "<group>"; };
		0ABDB70E2202571A0089F960 /* DateHelper.swift */ = {isa = PBXFileReference; lastKnownFileType = sourcecode.swift; path = DateHelper.swift; sourceTree = "<group>"; };
		0ABDB71022025E760089F960 /* ButtonTableViewCell.swift */ = {isa = PBXFileReference; lastKnownFileType = sourcecode.swift; path = ButtonTableViewCell.swift; sourceTree = "<group>"; };
		0ABDB71322038E1D0089F960 /* BasicTaskTableViewController.swift */ = {isa = PBXFileReference; lastKnownFileType = sourcecode.swift; path = BasicTaskTableViewController.swift; sourceTree = "<group>"; };
/* End PBXFileReference section */

/* Begin PBXFrameworksBuildPhase section */
		0ABDB6E3220237440089F960 /* Frameworks */ = {
			isa = PBXFrameworksBuildPhase;
			buildActionMask = 2147483647;
			files = (
			);
			runOnlyForDeploymentPostprocessing = 0;
		};
/* End PBXFrameworksBuildPhase section */

/* Begin PBXGroup section */
		0ABDB6DD220237440089F960 = {
			isa = PBXGroup;
			children = (
				0ABDB6E8220237440089F960 /* Task */,
				0ABDB6E7220237440089F960 /* Products */,
			);
			sourceTree = "<group>";
		};
		0ABDB6E7220237440089F960 /* Products */ = {
			isa = PBXGroup;
			children = (
				0ABDB6E6220237440089F960 /* Task.app */,
			);
			name = Products;
			sourceTree = "<group>";
		};
		0ABDB6E8220237440089F960 /* Task */ = {
			isa = PBXGroup;
			children = (
				0ABDB70722023EF10089F960 /* Model */,
				0ABDB70122023DE60089F960 /* Views */,
				0ABDB70022023DDB0089F960 /* Controllers */,
				0ABDB6FF22023DBF0089F960 /* Resources */,
			);
			path = Task;
			sourceTree = "<group>";
		};
		0ABDB6FF22023DBF0089F960 /* Resources */ = {
			isa = PBXGroup;
			children = (
				0ABDB6E9220237440089F960 /* AppDelegate.swift */,
				0ABDB6F0220237460089F960 /* Assets.xcassets */,
				0ABDB6F2220237460089F960 /* LaunchScreen.storyboard */,
				0ABDB6F5220237460089F960 /* Info.plist */,
				0ABDB70222023E4E0089F960 /* CoreDataStack.swift */,
				0ABDB70E2202571A0089F960 /* DateHelper.swift */,
			);
			path = Resources;
			sourceTree = "<group>";
		};
		0ABDB70022023DDB0089F960 /* Controllers */ = {
			isa = PBXGroup;
			children = (
				0ABDB70C220245810089F960 /* ViewControllers */,
				0ABDB70D2202458E0089F960 /* ModelControllers */,
			);
			path = Controllers;
			sourceTree = "<group>";
		};
		0ABDB70122023DE60089F960 /* Views */ = {
			isa = PBXGroup;
			children = (
				0ABDB6ED220237440089F960 /* Main.storyboard */,
				0ABDB71022025E760089F960 /* ButtonTableViewCell.swift */,
			);
			path = Views;
			sourceTree = "<group>";
		};
		0ABDB70722023EF10089F960 /* Model */ = {
			isa = PBXGroup;
			children = (
				0ABDB70422023EEB0089F960 /* Task.xcdatamodeld */,
				0ABDB708220240700089F960 /* Task+Convenience.swift */,
			);
			path = Model;
			sourceTree = "<group>";
		};
		0ABDB70C220245810089F960 /* ViewControllers */ = {
			isa = PBXGroup;
			children = (
				0ABDB6FD22023DB10089F960 /* TaskDetailTableViewController.swift */,
				0ABDB71322038E1D0089F960 /* BasicTaskTableViewController.swift */,
			);
			path = ViewControllers;
			sourceTree = "<group>";
		};
		0ABDB70D2202458E0089F960 /* ModelControllers */ = {
			isa = PBXGroup;
			children = (
				0ABDB70A220241E50089F960 /* TaskController.swift */,
			);
			path = ModelControllers;
			sourceTree = "<group>";
		};
/* End PBXGroup section */

/* Begin PBXNativeTarget section */
		0ABDB6E5220237440089F960 /* Task */ = {
			isa = PBXNativeTarget;
			buildConfigurationList = 0ABDB6F8220237460089F960 /* Build configuration list for PBXNativeTarget "Task" */;
			buildPhases = (
				0ABDB6E2220237440089F960 /* Sources */,
				0ABDB6E3220237440089F960 /* Frameworks */,
				0ABDB6E4220237440089F960 /* Resources */,
			);
			buildRules = (
			);
			dependencies = (
			);
			name = Task;
			productName = Task;
			productReference = 0ABDB6E6220237440089F960 /* Task.app */;
			productType = "com.apple.product-type.application";
		};
/* End PBXNativeTarget section */

/* Begin PBXProject section */
		0ABDB6DE220237440089F960 /* Project object */ = {
			isa = PBXProject;
			attributes = {
				LastSwiftUpdateCheck = 1010;
				LastUpgradeCheck = 1010;
				ORGANIZATIONNAME = "Chris Grayston";
				TargetAttributes = {
					0ABDB6E5220237440089F960 = {
						CreatedOnToolsVersion = 10.1;
					};
				};
			};
			buildConfigurationList = 0ABDB6E1220237440089F960 /* Build configuration list for PBXProject "Task" */;
			compatibilityVersion = "Xcode 9.3";
			developmentRegion = en;
			hasScannedForEncodings = 0;
			knownRegions = (
				en,
				Base,
			);
			mainGroup = 0ABDB6DD220237440089F960;
			productRefGroup = 0ABDB6E7220237440089F960 /* Products */;
			projectDirPath = "";
			projectRoot = "";
			targets = (
				0ABDB6E5220237440089F960 /* Task */,
			);
		};
/* End PBXProject section */

/* Begin PBXResourcesBuildPhase section */
		0ABDB6E4220237440089F960 /* Resources */ = {
			isa = PBXResourcesBuildPhase;
			buildActionMask = 2147483647;
			files = (
				0ABDB6F4220237460089F960 /* LaunchScreen.storyboard in Resources */,
				0ABDB6F1220237460089F960 /* Assets.xcassets in Resources */,
				0ABDB6EF220237440089F960 /* Main.storyboard in Resources */,
			);
			runOnlyForDeploymentPostprocessing = 0;
		};
/* End PBXResourcesBuildPhase section */

/* Begin PBXSourcesBuildPhase section */
		0ABDB6E2220237440089F960 /* Sources */ = {
			isa = PBXSourcesBuildPhase;
			buildActionMask = 2147483647;
			files = (
				0ABDB71122025E760089F960 /* ButtonTableViewCell.swift in Sources */,
				0ABDB70B220241E50089F960 /* TaskController.swift in Sources */,
				0ABDB70F2202571A0089F960 /* DateHelper.swift in Sources */,
				0ABDB6EA220237440089F960 /* AppDelegate.swift in Sources */,
				0ABDB71422038E1D0089F960 /* BasicTaskTableViewController.swift in Sources */,
				0ABDB709220240700089F960 /* Task+Convenience.swift in Sources */,
				0ABDB6FE22023DB10089F960 /* TaskDetailTableViewController.swift in Sources */,
				0ABDB70622023EEB0089F960 /* Task.xcdatamodeld in Sources */,
				0ABDB70322023E4E0089F960 /* CoreDataStack.swift in Sources */,
			);
			runOnlyForDeploymentPostprocessing = 0;
		};
/* End PBXSourcesBuildPhase section */

/* Begin PBXVariantGroup section */
		0ABDB6ED220237440089F960 /* Main.storyboard */ = {
			isa = PBXVariantGroup;
			children = (
				0ABDB6EE220237440089F960 /* Base */,
			);
			name = Main.storyboard;
			sourceTree = "<group>";
		};
		0ABDB6F2220237460089F960 /* LaunchScreen.storyboard */ = {
			isa = PBXVariantGroup;
			children = (
				0ABDB6F3220237460089F960 /* Base */,
			);
			name = LaunchScreen.storyboard;
			sourceTree = "<group>";
		};
/* End PBXVariantGroup section */

/* Begin XCBuildConfiguration section */
		0ABDB6F6220237460089F960 /* Debug */ = {
			isa = XCBuildConfiguration;
			buildSettings = {
				ALWAYS_SEARCH_USER_PATHS = NO;
				CLANG_ANALYZER_NONNULL = YES;
				CLANG_ANALYZER_NUMBER_OBJECT_CONVERSION = YES_AGGRESSIVE;
				CLANG_CXX_LANGUAGE_STANDARD = "gnu++14";
				CLANG_CXX_LIBRARY = "libc++";
				CLANG_ENABLE_MODULES = YES;
				CLANG_ENABLE_OBJC_ARC = YES;
				CLANG_ENABLE_OBJC_WEAK = YES;
				CLANG_WARN_BLOCK_CAPTURE_AUTORELEASING = YES;
				CLANG_WARN_BOOL_CONVERSION = YES;
				CLANG_WARN_COMMA = YES;
				CLANG_WARN_CONSTANT_CONVERSION = YES;
				CLANG_WARN_DEPRECATED_OBJC_IMPLEMENTATIONS = YES;
				CLANG_WARN_DIRECT_OBJC_ISA_USAGE = YES_ERROR;
				CLANG_WARN_DOCUMENTATION_COMMENTS = YES;
				CLANG_WARN_EMPTY_BODY = YES;
				CLANG_WARN_ENUM_CONVERSION = YES;
				CLANG_WARN_INFINITE_RECURSION = YES;
				CLANG_WARN_INT_CONVERSION = YES;
				CLANG_WARN_NON_LITERAL_NULL_CONVERSION = YES;
				CLANG_WARN_OBJC_IMPLICIT_RETAIN_SELF = YES;
				CLANG_WARN_OBJC_LITERAL_CONVERSION = YES;
				CLANG_WARN_OBJC_ROOT_CLASS = YES_ERROR;
				CLANG_WARN_RANGE_LOOP_ANALYSIS = YES;
				CLANG_WARN_STRICT_PROTOTYPES = YES;
				CLANG_WARN_SUSPICIOUS_MOVE = YES;
				CLANG_WARN_UNGUARDED_AVAILABILITY = YES_AGGRESSIVE;
				CLANG_WARN_UNREACHABLE_CODE = YES;
				CLANG_WARN__DUPLICATE_METHOD_MATCH = YES;
				CODE_SIGN_IDENTITY = "iPhone Developer";
				COPY_PHASE_STRIP = NO;
				DEBUG_INFORMATION_FORMAT = dwarf;
				ENABLE_STRICT_OBJC_MSGSEND = YES;
				ENABLE_TESTABILITY = YES;
				GCC_C_LANGUAGE_STANDARD = gnu11;
				GCC_DYNAMIC_NO_PIC = NO;
				GCC_NO_COMMON_BLOCKS = YES;
				GCC_OPTIMIZATION_LEVEL = 0;
				GCC_PREPROCESSOR_DEFINITIONS = (
					"DEBUG=1",
					"$(inherited)",
				);
				GCC_WARN_64_TO_32_BIT_CONVERSION = YES;
				GCC_WARN_ABOUT_RETURN_TYPE = YES_ERROR;
				GCC_WARN_UNDECLARED_SELECTOR = YES;
				GCC_WARN_UNINITIALIZED_AUTOS = YES_AGGRESSIVE;
				GCC_WARN_UNUSED_FUNCTION = YES;
				GCC_WARN_UNUSED_VARIABLE = YES;
				IPHONEOS_DEPLOYMENT_TARGET = 12.1;
				MTL_ENABLE_DEBUG_INFO = INCLUDE_SOURCE;
				MTL_FAST_MATH = YES;
				ONLY_ACTIVE_ARCH = YES;
				SDKROOT = iphoneos;
				SWIFT_ACTIVE_COMPILATION_CONDITIONS = DEBUG;
				SWIFT_OPTIMIZATION_LEVEL = "-Onone";
			};
			name = Debug;
		};
		0ABDB6F7220237460089F960 /* Release */ = {
			isa = XCBuildConfiguration;
			buildSettings = {
				ALWAYS_SEARCH_USER_PATHS = NO;
				CLANG_ANALYZER_NONNULL = YES;
				CLANG_ANALYZER_NUMBER_OBJECT_CONVERSION = YES_AGGRESSIVE;
				CLANG_CXX_LANGUAGE_STANDARD = "gnu++14";
				CLANG_CXX_LIBRARY = "libc++";
				CLANG_ENABLE_MODULES = YES;
				CLANG_ENABLE_OBJC_ARC = YES;
				CLANG_ENABLE_OBJC_WEAK = YES;
				CLANG_WARN_BLOCK_CAPTURE_AUTORELEASING = YES;
				CLANG_WARN_BOOL_CONVERSION = YES;
				CLANG_WARN_COMMA = YES;
				CLANG_WARN_CONSTANT_CONVERSION = YES;
				CLANG_WARN_DEPRECATED_OBJC_IMPLEMENTATIONS = YES;
				CLANG_WARN_DIRECT_OBJC_ISA_USAGE = YES_ERROR;
				CLANG_WARN_DOCUMENTATION_COMMENTS = YES;
				CLANG_WARN_EMPTY_BODY = YES;
				CLANG_WARN_ENUM_CONVERSION = YES;
				CLANG_WARN_INFINITE_RECURSION = YES;
				CLANG_WARN_INT_CONVERSION = YES;
				CLANG_WARN_NON_LITERAL_NULL_CONVERSION = YES;
				CLANG_WARN_OBJC_IMPLICIT_RETAIN_SELF = YES;
				CLANG_WARN_OBJC_LITERAL_CONVERSION = YES;
				CLANG_WARN_OBJC_ROOT_CLASS = YES_ERROR;
				CLANG_WARN_RANGE_LOOP_ANALYSIS = YES;
				CLANG_WARN_STRICT_PROTOTYPES = YES;
				CLANG_WARN_SUSPICIOUS_MOVE = YES;
				CLANG_WARN_UNGUARDED_AVAILABILITY = YES_AGGRESSIVE;
				CLANG_WARN_UNREACHABLE_CODE = YES;
				CLANG_WARN__DUPLICATE_METHOD_MATCH = YES;
				CODE_SIGN_IDENTITY = "iPhone Developer";
				COPY_PHASE_STRIP = NO;
				DEBUG_INFORMATION_FORMAT = "dwarf-with-dsym";
				ENABLE_NS_ASSERTIONS = NO;
				ENABLE_STRICT_OBJC_MSGSEND = YES;
				GCC_C_LANGUAGE_STANDARD = gnu11;
				GCC_NO_COMMON_BLOCKS = YES;
				GCC_WARN_64_TO_32_BIT_CONVERSION = YES;
				GCC_WARN_ABOUT_RETURN_TYPE = YES_ERROR;
				GCC_WARN_UNDECLARED_SELECTOR = YES;
				GCC_WARN_UNINITIALIZED_AUTOS = YES_AGGRESSIVE;
				GCC_WARN_UNUSED_FUNCTION = YES;
				GCC_WARN_UNUSED_VARIABLE = YES;
				IPHONEOS_DEPLOYMENT_TARGET = 12.1;
				MTL_ENABLE_DEBUG_INFO = NO;
				MTL_FAST_MATH = YES;
				SDKROOT = iphoneos;
				SWIFT_COMPILATION_MODE = wholemodule;
				SWIFT_OPTIMIZATION_LEVEL = "-O";
				VALIDATE_PRODUCT = YES;
			};
			name = Release;
		};
		0ABDB6F9220237460089F960 /* Debug */ = {
			isa = XCBuildConfiguration;
			buildSettings = {
				ASSETCATALOG_COMPILER_APPICON_NAME = AppIcon;
				CODE_SIGN_STYLE = Automatic;
				DEVELOPMENT_TEAM = 2P8CC25627;
				INFOPLIST_FILE = "$(SRCROOT)/Task/Resources/Info.plist";
				LD_RUNPATH_SEARCH_PATHS = (
					"$(inherited)",
					"@executable_path/Frameworks",
				);
				PRODUCT_BUNDLE_IDENTIFIER = com.ChrisGrayston.Task;
				PRODUCT_NAME = "$(TARGET_NAME)";
				SWIFT_VERSION = 4.2;
				TARGETED_DEVICE_FAMILY = "1,2";
			};
			name = Debug;
		};
		0ABDB6FA220237460089F960 /* Release */ = {
			isa = XCBuildConfiguration;
			buildSettings = {
				ASSETCATALOG_COMPILER_APPICON_NAME = AppIcon;
				CODE_SIGN_STYLE = Automatic;
				DEVELOPMENT_TEAM = 2P8CC25627;
				INFOPLIST_FILE = "$(SRCROOT)/Task/Resources/Info.plist";
				LD_RUNPATH_SEARCH_PATHS = (
					"$(inherited)",
					"@executable_path/Frameworks",
				);
				PRODUCT_BUNDLE_IDENTIFIER = com.ChrisGrayston.Task;
				PRODUCT_NAME = "$(TARGET_NAME)";
				SWIFT_VERSION = 4.2;
				TARGETED_DEVICE_FAMILY = "1,2";
			};
			name = Release;
		};
/* End XCBuildConfiguration section */

/* Begin XCConfigurationList section */
		0ABDB6E1220237440089F960 /* Build configuration list for PBXProject "Task" */ = {
			isa = XCConfigurationList;
			buildConfigurations = (
				0ABDB6F6220237460089F960 /* Debug */,
				0ABDB6F7220237460089F960 /* Release */,
			);
			defaultConfigurationIsVisible = 0;
			defaultConfigurationName = Release;
		};
		0ABDB6F8220237460089F960 /* Build configuration list for PBXNativeTarget "Task" */ = {
			isa = XCConfigurationList;
			buildConfigurations = (
				0ABDB6F9220237460089F960 /* Debug */,
				0ABDB6FA220237460089F960 /* Release */,
			);
			defaultConfigurationIsVisible = 0;
			defaultConfigurationName = Release;
		};
/* End XCConfigurationList section */

/* Begin XCVersionGroup section */
		0ABDB70422023EEB0089F960 /* Task.xcdatamodeld */ = {
			isa = XCVersionGroup;
			children = (
				0ABDB70522023EEB0089F960 /* Task.xcdatamodel */,
			);
			currentVersion = 0ABDB70522023EEB0089F960 /* Task.xcdatamodel */;
			path = Task.xcdatamodeld;
			sourceTree = "<group>";
			versionGroupType = wrapper.xcdatamodel;
		};
/* End XCVersionGroup section */
	};
	rootObject = 0ABDB6DE220237440089F960 /* Project object */;
}
